
Microsoft Visual Studio Solution File, Format Version 12.00
# Visual Studio Version 17
VisualStudioVersion = 17.4.33103.184
MinimumVisualStudioVersion = 10.0.40219.1
Project("{FAE04EC0-301F-11D3-BF4B-00C04F79EFBC}") = "PrototypeEmployeeManagementSystem", "PrototypeEmployeeManagementSystem\PrototypeEmployeeManagementSystem.csproj", "{3DAD5662-6E6D-4BAE-A16D-B0CA12227908}"
EndProject
Global
	GlobalSection(SolutionConfigurationPlatforms) = preSolution
		Debug|Any CPU = Debug|Any CPU
		Release|Any CPU = Release|Any CPU
	EndGlobalSection
	GlobalSection(ProjectConfigurationPlatforms) = postSolution
		{3DAD5662-6E6D-4BAE-A16D-B0CA12227908}.Debug|Any CPU.ActiveCfg = Debug|Any CPU
		{3DAD5662-6E6D-4BAE-A16D-B0CA12227908}.Debug|Any CPU.Build.0 = Debug|Any CPU
		{3DAD5662-6E6D-4BAE-A16D-B0CA12227908}.Release|Any CPU.ActiveCfg = Release|Any CPU
		{3DAD5662-6E6D-4BAE-A16D-B0CA12227908}.Release|Any CPU.Build.0 = Release|Any CPU
	EndGlobalSection
	GlobalSection(SolutionProperties) = preSolution
		HideSolutionNode = FALSE
	EndGlobalSection
	GlobalSection(ExtensibilityGlobals) = postSolution
		SolutionGuid = {A1CACE2F-3C79-48B8-B6B1-46FAFA5A029E}
	EndGlobalSection
EndGlobal
